// !$*UTF8*$!
{
	archiveVersion = 1;
	classes = {
	};
	objectVersion = 56;
	objects = {

/* Begin PBXBuildFile section */
		356AD76D2BA318CC00290413 /* NavViewController.swift in Sources */ = {isa = PBXBuildFile; fileRef = 356AD76C2BA318CC00290413 /* NavViewController.swift */; };
		35FD4DFA2BA316DF006F855B /* AppDelegate.swift in Sources */ = {isa = PBXBuildFile; fileRef = 35FD4DF92BA316DF006F855B /* AppDelegate.swift */; };
		35FD4DFC2BA316DF006F855B /* SceneDelegate.swift in Sources */ = {isa = PBXBuildFile; fileRef = 35FD4DFB2BA316DF006F855B /* SceneDelegate.swift */; };
		35FD4DFE2BA316DF006F855B /* ViewController.swift in Sources */ = {isa = PBXBuildFile; fileRef = 35FD4DFD2BA316DF006F855B /* ViewController.swift */; };
		35FD4E012BA316DF006F855B /* Main.storyboard in Resources */ = {isa = PBXBuildFile; fileRef = 35FD4DFF2BA316DF006F855B /* Main.storyboard */; };
		35FD4E032BA316E0006F855B /* Assets.xcassets in Resources */ = {isa = PBXBuildFile; fileRef = 35FD4E022BA316E0006F855B /* Assets.xcassets */; };
		35FD4E062BA316E0006F855B /* LaunchScreen.storyboard in Resources */ = {isa = PBXBuildFile; fileRef = 35FD4E042BA316E0006F855B /* LaunchScreen.storyboard */; };
		35FD4E142BA31720006F855B /* SecondViewController.swift in Sources */ = {isa = PBXBuildFile; fileRef = 35FD4E102BA3171F006F855B /* SecondViewController.swift */; };
		35FD4E152BA31720006F855B /* FirstViewController.swift in Sources */ = {isa = PBXBuildFile; fileRef = 35FD4E112BA3171F006F855B /* FirstViewController.swift */; };
		35FD4E162BA31720006F855B /* FourthViewController.swift in Sources */ = {isa = PBXBuildFile; fileRef = 35FD4E122BA31720006F855B /* FourthViewController.swift */; };
		35FD4E172BA31720006F855B /* ThirdViewController.swift in Sources */ = {isa = PBXBuildFile; fileRef = 35FD4E132BA31720006F855B /* ThirdViewController.swift */; };
		35FD4E192BA31741006F855B /* Extension.swift in Sources */ = {isa = PBXBuildFile; fileRef = 35FD4E182BA31741006F855B /* Extension.swift */; };
/* End PBXBuildFile section */

/* Begin PBXFileReference section */
		356AD76C2BA318CC00290413 /* NavViewController.swift */ = {isa = PBXFileReference; lastKnownFileType = sourcecode.swift; path = NavViewController.swift; sourceTree = "<group>"; };
		35FD4DF62BA316DF006F855B /* NavigationTest.app */ = {isa = PBXFileReference; explicitFileType = wrapper.application; includeInIndex = 0; path = NavigationTest.app; sourceTree = BUILT_PRODUCTS_DIR; };
		35FD4DF92BA316DF006F855B /* AppDelegate.swift */ = {isa = PBXFileReference; lastKnownFileType = sourcecode.swift; path = AppDelegate.swift; sourceTree = "<group>"; };
		35FD4DFB2BA316DF006F855B /* SceneDelegate.swift */ = {isa = PBXFileReference; lastKnownFileType = sourcecode.swift; path = SceneDelegate.swift; sourceTree = "<group>"; };
		35FD4DFD2BA316DF006F855B /* ViewController.swift */ = {isa = PBXFileReference; lastKnownFileType = sourcecode.swift; path = ViewController.swift; sourceTree = "<group>"; };
		35FD4E002BA316DF006F855B /* Base */ = {isa = PBXFileReference; lastKnownFileType = file.storyboard; name = Base; path = Base.lproj/Main.storyboard; sourceTree = "<group>"; };
		35FD4E022BA316E0006F855B /* Assets.xcassets */ = {isa = PBXFileReference; lastKnownFileType = folder.assetcatalog; path = Assets.xcassets; sourceTree = "<group>"; };
		35FD4E052BA316E0006F855B /* Base */ = {isa = PBXFileReference; lastKnownFileType = file.storyboard; name = Base; path = Base.lproj/LaunchScreen.storyboard; sourceTree = "<group>"; };
		35FD4E072BA316E0006F855B /* Info.plist */ = {isa = PBXFileReference; lastKnownFileType = text.plist.xml; path = Info.plist; sourceTree = "<group>"; };
		35FD4E102BA3171F006F855B /* SecondViewController.swift */ = {isa = PBXFileReference; fileEncoding = 4; lastKnownFileType = sourcecode.swift; path = SecondViewController.swift; sourceTree = "<group>"; };
		35FD4E112BA3171F006F855B /* FirstViewController.swift */ = {isa = PBXFileReference; fileEncoding = 4; lastKnownFileType = sourcecode.swift; path = FirstViewController.swift; sourceTree = "<group>"; };
		35FD4E122BA31720006F855B /* FourthViewController.swift */ = {isa = PBXFileReference; fileEncoding = 4; lastKnownFileType = sourcecode.swift; path = FourthViewController.swift; sourceTree = "<group>"; };
		35FD4E132BA31720006F855B /* ThirdViewController.swift */ = {isa = PBXFileReference; fileEncoding = 4; lastKnownFileType = sourcecode.swift; path = ThirdViewController.swift; sourceTree = "<group>"; };
		35FD4E182BA31741006F855B /* Extension.swift */ = {isa = PBXFileReference; fileEncoding = 4; lastKnownFileType = sourcecode.swift; path = Extension.swift; sourceTree = "<group>"; };
/* End PBXFileReference section */

/* Begin PBXFrameworksBuildPhase section */
		35FD4DF32BA316DF006F855B /* Frameworks */ = {
			isa = PBXFrameworksBuildPhase;
			buildActionMask = 2147483647;
			files = (
			);
			runOnlyForDeploymentPostprocessing = 0;
		};
/* End PBXFrameworksBuildPhase section */

/* Begin PBXGroup section */
		35FD4DED2BA316DF006F855B = {
			isa = PBXGroup;
			children = (
				35FD4DF82BA316DF006F855B /* NavigationTest */,
				35FD4DF72BA316DF006F855B /* Products */,
			);
			sourceTree = "<group>";
		};
		35FD4DF72BA316DF006F855B /* Products */ = {
			isa = PBXGroup;
			children = (
				35FD4DF62BA316DF006F855B /* NavigationTest.app */,
			);
			name = Products;
			sourceTree = "<group>";
		};
		35FD4DF82BA316DF006F855B /* NavigationTest */ = {
			isa = PBXGroup;
			children = (
				35FD4E0F2BA31712006F855B /* Controllers */,
				35FD4DF92BA316DF006F855B /* AppDelegate.swift */,
				35FD4DFB2BA316DF006F855B /* SceneDelegate.swift */,
				35FD4DFD2BA316DF006F855B /* ViewController.swift */,
				35FD4DFF2BA316DF006F855B /* Main.storyboard */,
				35FD4E022BA316E0006F855B /* Assets.xcassets */,
				35FD4E042BA316E0006F855B /* LaunchScreen.storyboard */,
				35FD4E072BA316E0006F855B /* Info.plist */,
				35FD4E182BA31741006F855B /* Extension.swift */,
			);
			path = NavigationTest;
			sourceTree = "<group>";
		};
		35FD4E0F2BA31712006F855B /* Controllers */ = {
			isa = PBXGroup;
			children = (
				35FD4E112BA3171F006F855B /* FirstViewController.swift */,
				35FD4E122BA31720006F855B /* FourthViewController.swift */,
				35FD4E102BA3171F006F855B /* SecondViewController.swift */,
				35FD4E132BA31720006F855B /* ThirdViewController.swift */,
				356AD76C2BA318CC00290413 /* NavViewController.swift */,
			);
			path = Controllers;
			sourceTree = "<group>";
		};
/* End PBXGroup section */

/* Begin PBXNativeTarget section */
		35FD4DF52BA316DF006F855B /* NavigationTest */ = {
			isa = PBXNativeTarget;
			buildConfigurationList = 35FD4E0A2BA316E0006F855B /* Build configuration list for PBXNativeTarget "NavigationTest" */;
			buildPhases = (
				35FD4DF22BA316DF006F855B /* Sources */,
				35FD4DF32BA316DF006F855B /* Frameworks */,
				35FD4DF42BA316DF006F855B /* Resources */,
			);
			buildRules = (
			);
			dependencies = (
			);
			name = NavigationTest;
			productName = NavigationTest;
			productReference = 35FD4DF62BA316DF006F855B /* NavigationTest.app */;
			productType = "com.apple.product-type.application";
		};
/* End PBXNativeTarget section */

/* Begin PBXProject section */
		35FD4DEE2BA316DF006F855B /* Project object */ = {
			isa = PBXProject;
			attributes = {
				BuildIndependentTargetsInParallel = 1;
				LastSwiftUpdateCheck = 1500;
				LastUpgradeCheck = 1500;
				TargetAttributes = {
					35FD4DF52BA316DF006F855B = {
						CreatedOnToolsVersion = 15.0.1;
					};
				};
			};
			buildConfigurationList = 35FD4DF12BA316DF006F855B /* Build configuration list for PBXProject "NavigationTest" */;
			compatibilityVersion = "Xcode 14.0";
			developmentRegion = en;
			hasScannedForEncodings = 0;
			knownRegions = (
				en,
				Base,
			);
			mainGroup = 35FD4DED2BA316DF006F855B;
			productRefGroup = 35FD4DF72BA316DF006F855B /* Products */;
			projectDirPath = "";
			projectRoot = "";
			targets = (
				35FD4DF52BA316DF006F855B /* NavigationTest */,
			);
		};
/* End PBXProject section */

/* Begin PBXResourcesBuildPhase section */
		35FD4DF42BA316DF006F855B /* Resources */ = {
			isa = PBXResourcesBuildPhase;
			buildActionMask = 2147483647;
			files = (
				35FD4E062BA316E0006F855B /* LaunchScreen.storyboard in Resources */,
				35FD4E032BA316E0006F855B /* Assets.xcassets in Resources */,
				35FD4E012BA316DF006F855B /* Main.storyboard in Resources */,
			);
			runOnlyForDeploymentPostprocessing = 0;
		};
/* End PBXResourcesBuildPhase section */

/* Begin PBXSourcesBuildPhase section */
		35FD4DF22BA316DF006F855B /* Sources */ = {
			isa = PBXSourcesBuildPhase;
			buildActionMask = 2147483647;
			files = (
				35FD4E162BA31720006F855B /* FourthViewController.swift in Sources */,
				35FD4E152BA31720006F855B /* FirstViewController.swift in Sources */,
				35FD4E142BA31720006F855B /* SecondViewController.swift in Sources */,
				35FD4E172BA31720006F855B /* ThirdViewController.swift in Sources */,
				356AD76D2BA318CC00290413 /* NavViewController.swift in Sources */,
				35FD4DFE2BA316DF006F855B /* ViewController.swift in Sources */,
				35FD4DFA2BA316DF006F855B /* AppDelegate.swift in Sources */,
				35FD4DFC2BA316DF006F855B /* SceneDelegate.swift in Sources */,
				35FD4E192BA31741006F855B /* Extension.swift in Sources */,
			);
			runOnlyForDeploymentPostprocessing = 0;
		};
/* End PBXSourcesBuildPhase section */

/* Begin PBXVariantGroup section */
		35FD4DFF2BA316DF006F855B /* Main.storyboard */ = {
			isa = PBXVariantGroup;
			children = (
				35FD4E002BA316DF006F855B /* Base */,
			);
			name = Main.storyboard;
			sourceTree = "<group>";
		};
		35FD4E042BA316E0006F855B /* LaunchScreen.storyboard */ = {
			isa = PBXVariantGroup;
			children = (
				35FD4E052BA316E0006F855B /* Base */,
			);
			name = LaunchScreen.storyboard;
			sourceTree = "<group>";
		};
/* End PBXVariantGroup section */

/* Begin XCBuildConfiguration section */
		35FD4E082BA316E0006F855B /* Debug */ = {
			isa = XCBuildConfiguration;
			buildSettings = {
				ALWAYS_SEARCH_USER_PATHS = NO;
				ASSETCATALOG_COMPILER_GENERATE_SWIFT_ASSET_SYMBOL_EXTENSIONS = YES;
				CLANG_ANALYZER_NONNULL = YES;
				CLANG_ANALYZER_NUMBER_OBJECT_CONVERSION = YES_AGGRESSIVE;
				CLANG_CXX_LANGUAGE_STANDARD = "gnu++20";
				CLANG_ENABLE_MODULES = YES;
				CLANG_ENABLE_OBJC_ARC = YES;
				CLANG_ENABLE_OBJC_WEAK = YES;
				CLANG_WARN_BLOCK_CAPTURE_AUTORELEASING = YES;
				CLANG_WARN_BOOL_CONVERSION = YES;
				CLANG_WARN_COMMA = YES;
				CLANG_WARN_CONSTANT_CONVERSION = YES;
				CLANG_WARN_DEPRECATED_OBJC_IMPLEMENTATIONS = YES;
				CLANG_WARN_DIRECT_OBJC_ISA_USAGE = YES_ERROR;
				CLANG_WARN_DOCUMENTATION_COMMENTS = YES;
				CLANG_WARN_EMPTY_BODY = YES;
				CLANG_WARN_ENUM_CONVERSION = YES;
				CLANG_WARN_INFINITE_RECURSION = YES;
				CLANG_WARN_INT_CONVERSION = YES;
				CLANG_WARN_NON_LITERAL_NULL_CONVERSION = YES;
				CLANG_WARN_OBJC_IMPLICIT_RETAIN_SELF = YES;
				CLANG_WARN_OBJC_LITERAL_CONVERSION = YES;
				CLANG_WARN_OBJC_ROOT_CLASS = YES_ERROR;
				CLANG_WARN_QUOTED_INCLUDE_IN_FRAMEWORK_HEADER = YES;
				CLANG_WARN_RANGE_LOOP_ANALYSIS = YES;
				CLANG_WARN_STRICT_PROTOTYPES = YES;
				CLANG_WARN_SUSPICIOUS_MOVE = YES;
				CLANG_WARN_UNGUARDED_AVAILABILITY = YES_AGGRESSIVE;
				CLANG_WARN_UNREACHABLE_CODE = YES;
				CLANG_WARN__DUPLICATE_METHOD_MATCH = YES;
				COPY_PHASE_STRIP = NO;
				DEBUG_INFORMATION_FORMAT = dwarf;
				ENABLE_STRICT_OBJC_MSGSEND = YES;
				ENABLE_TESTABILITY = YES;
				ENABLE_USER_SCRIPT_SANDBOXING = YES;
				GCC_C_LANGUAGE_STANDARD = gnu17;
				GCC_DYNAMIC_NO_PIC = NO;
				GCC_NO_COMMON_BLOCKS = YES;
				GCC_OPTIMIZATION_LEVEL = 0;
				GCC_PREPROCESSOR_DEFINITIONS = (
					"DEBUG=1",
					"$(inherited)",
				);
				GCC_WARN_64_TO_32_BIT_CONVERSION = YES;
				GCC_WARN_ABOUT_RETURN_TYPE = YES_ERROR;
				GCC_WARN_UNDECLARED_SELECTOR = YES;
				GCC_WARN_UNINITIALIZED_AUTOS = YES_AGGRESSIVE;
				GCC_WARN_UNUSED_FUNCTION = YES;
				GCC_WARN_UNUSED_VARIABLE = YES;
				IPHONEOS_DEPLOYMENT_TARGET = 17.0;
				LOCALIZATION_PREFERS_STRING_CATALOGS = YES;
				MTL_ENABLE_DEBUG_INFO = INCLUDE_SOURCE;
				MTL_FAST_MATH = YES;
				ONLY_ACTIVE_ARCH = YES;
				SDKROOT = iphoneos;
				SWIFT_ACTIVE_COMPILATION_CONDITIONS = "DEBUG $(inherited)";
				SWIFT_OPTIMIZATION_LEVEL = "-Onone";
			};
			name = Debug;
		};
		35FD4E092BA316E0006F855B /* Release */ = {
			isa = XCBuildConfiguration;
			buildSettings = {
				ALWAYS_SEARCH_USER_PATHS = NO;
				ASSETCATALOG_COMPILER_GENERATE_SWIFT_ASSET_SYMBOL_EXTENSIONS = YES;
				CLANG_ANALYZER_NONNULL = YES;
				CLANG_ANALYZER_NUMBER_OBJECT_CONVERSION = YES_AGGRESSIVE;
				CLANG_CXX_LANGUAGE_STANDARD = "gnu++20";
				CLANG_ENABLE_MODULES = YES;
				CLANG_ENABLE_OBJC_ARC = YES;
				CLANG_ENABLE_OBJC_WEAK = YES;
				CLANG_WARN_BLOCK_CAPTURE_AUTORELEASING = YES;
				CLANG_WARN_BOOL_CONVERSION = YES;
				CLANG_WARN_COMMA = YES;
				CLANG_WARN_CONSTANT_CONVERSION = YES;
				CLANG_WARN_DEPRECATED_OBJC_IMPLEMENTATIONS = YES;
				CLANG_WARN_DIRECT_OBJC_ISA_USAGE = YES_ERROR;
				CLANG_WARN_DOCUMENTATION_COMMENTS = YES;
				CLANG_WARN_EMPTY_BODY = YES;
				CLANG_WARN_ENUM_CONVERSION = YES;
				CLANG_WARN_INFINITE_RECURSION = YES;
				CLANG_WARN_INT_CONVERSION = YES;
				CLANG_WARN_NON_LITERAL_NULL_CONVERSION = YES;
				CLANG_WARN_OBJC_IMPLICIT_RETAIN_SELF = YES;
				CLANG_WARN_OBJC_LITERAL_CONVERSION = YES;
				CLANG_WARN_OBJC_ROOT_CLASS = YES_ERROR;
				CLANG_WARN_QUOTED_INCLUDE_IN_FRAMEWORK_HEADER = YES;
				CLANG_WARN_RANGE_LOOP_ANALYSIS = YES;
				CLANG_WARN_STRICT_PROTOTYPES = YES;
				CLANG_WARN_SUSPICIOUS_MOVE = YES;
				CLANG_WARN_UNGUARDED_AVAILABILITY = YES_AGGRESSIVE;
				CLANG_WARN_UNREACHABLE_CODE = YES;
				CLANG_WARN__DUPLICATE_METHOD_MATCH = YES;
				COPY_PHASE_STRIP = NO;
				DEBUG_INFORMATION_FORMAT = "dwarf-with-dsym";
				ENABLE_NS_ASSERTIONS = NO;
				ENABLE_STRICT_OBJC_MSGSEND = YES;
				ENABLE_USER_SCRIPT_SANDBOXING = YES;
				GCC_C_LANGUAGE_STANDARD = gnu17;
				GCC_NO_COMMON_BLOCKS = YES;
				GCC_WARN_64_TO_32_BIT_CONVERSION = YES;
				GCC_WARN_ABOUT_RETURN_TYPE = YES_ERROR;
				GCC_WARN_UNDECLARED_SELECTOR = YES;
				GCC_WARN_UNINITIALIZED_AUTOS = YES_AGGRESSIVE;
				GCC_WARN_UNUSED_FUNCTION = YES;
				GCC_WARN_UNUSED_VARIABLE = YES;
				IPHONEOS_DEPLOYMENT_TARGET = 17.0;
				LOCALIZATION_PREFERS_STRING_CATALOGS = YES;
				MTL_ENABLE_DEBUG_INFO = NO;
				MTL_FAST_MATH = YES;
				SDKROOT = iphoneos;
				SWIFT_COMPILATION_MODE = wholemodule;
				VALIDATE_PRODUCT = YES;
			};
			name = Release;
		};
		35FD4E0B2BA316E0006F855B /* Debug */ = {
			isa = XCBuildConfiguration;
			buildSettings = {
				ASSETCATALOG_COMPILER_APPICON_NAME = AppIcon;
				ASSETCATALOG_COMPILER_GLOBAL_ACCENT_COLOR_NAME = AccentColor;
				CODE_SIGN_STYLE = Automatic;
				CURRENT_PROJECT_VERSION = 1;
				GENERATE_INFOPLIST_FILE = YES;
				INFOPLIST_FILE = NavigationTest/Info.plist;
				INFOPLIST_KEY_UIApplicationSupportsIndirectInputEvents = YES;
				INFOPLIST_KEY_UILaunchStoryboardName = LaunchScreen;
				INFOPLIST_KEY_UIMainStoryboardFile = Main;
				INFOPLIST_KEY_UISupportedInterfaceOrientations_iPad = "UIInterfaceOrientationPortrait UIInterfaceOrientationPortraitUpsideDown UIInterfaceOrientationLandscapeLeft UIInterfaceOrientationLandscapeRight";
				INFOPLIST_KEY_UISupportedInterfaceOrientations_iPhone = "UIInterfaceOrientationPortrait UIInterfaceOrientationLandscapeLeft UIInterfaceOrientationLandscapeRight";
				LD_RUNPATH_SEARCH_PATHS = (
					"$(inherited)",
					"@executable_path/Frameworks",
				);
				MARKETING_VERSION = 1.0;
				PRODUCT_BUNDLE_IDENTIFIER = MIST.UIKit.NavigationTest;
				PRODUCT_NAME = "$(TARGET_NAME)";
				SWIFT_EMIT_LOC_STRINGS = YES;
				SWIFT_VERSION = 5.0;
				TARGETED_DEVICE_FAMILY = "1,2";
			};
			name = Debug;
		};
		35FD4E0C2BA316E0006F855B /* Release */ = {
			isa = XCBuildConfiguration;
			buildSettings = {
				ASSETCATALOG_COMPILER_APPICON_NAME = AppIcon;
				ASSETCATALOG_COMPILER_GLOBAL_ACCENT_COLOR_NAME = AccentColor;
				CODE_SIGN_STYLE = Automatic;
				CURRENT_PROJECT_VERSION = 1;
				GENERATE_INFOPLIST_FILE = YES;
				INFOPLIST_FILE = NavigationTest/Info.plist;
				INFOPLIST_KEY_UIApplicationSupportsIndirectInputEvents = YES;
				INFOPLIST_KEY_UILaunchStoryboardName = LaunchScreen;
				INFOPLIST_KEY_UIMainStoryboardFile = Main;
				INFOPLIST_KEY_UISupportedInterfaceOrientations_iPad = "UIInterfaceOrientationPortrait UIInterfaceOrientationPortraitUpsideDown UIInterfaceOrientationLandscapeLeft UIInterfaceOrientationLandscapeRight";
				INFOPLIST_KEY_UISupportedInterfaceOrientations_iPhone = "UIInterfaceOrientationPortrait UIInterfaceOrientationLandscapeLeft UIInterfaceOrientationLandscapeRight";
				LD_RUNPATH_SEARCH_PATHS = (
					"$(inherited)",
					"@executable_path/Frameworks",
				);
				MARKETING_VERSION = 1.0;
				PRODUCT_BUNDLE_IDENTIFIER = MIST.UIKit.NavigationTest;
				PRODUCT_NAME = "$(TARGET_NAME)";
				SWIFT_EMIT_LOC_STRINGS = YES;
				SWIFT_VERSION = 5.0;
				TARGETED_DEVICE_FAMILY = "1,2";
			};
			name = Release;
		};
/* End XCBuildConfiguration section */

/* Begin XCConfigurationList section */
		35FD4DF12BA316DF006F855B /* Build configuration list for PBXProject "NavigationTest" */ = {
			isa = XCConfigurationList;
			buildConfigurations = (
				35FD4E082BA316E0006F855B /* Debug */,
				35FD4E092BA316E0006F855B /* Release */,
			);
			defaultConfigurationIsVisible = 0;
			defaultConfigurationName = Release;
		};
		35FD4E0A2BA316E0006F855B /* Build configuration list for PBXNativeTarget "NavigationTest" */ = {
			isa = XCConfigurationList;
			buildConfigurations = (
				35FD4E0B2BA316E0006F855B /* Debug */,
				35FD4E0C2BA316E0006F855B /* Release */,
			);
			defaultConfigurationIsVisible = 0;
			defaultConfigurationName = Release;
		};
/* End XCConfigurationList section */
	};
	rootObject = 35FD4DEE2BA316DF006F855B /* Project object */;
}
